// !$*UTF8*$!
{
	archiveVersion = 1;
	classes = {
	};
	objectVersion = 50;
	objects = {

/* Begin PBXBuildFile section */
		5D08F79523E661D6001D6F5F /* AppDelegate.m in Sources */ = {isa = PBXBuildFile; fileRef = 5D08F79423E661D6001D6F5F /* AppDelegate.m */; };
		5D08F79823E661D6001D6F5F /* SceneDelegate.m in Sources */ = {isa = PBXBuildFile; fileRef = 5D08F79723E661D6001D6F5F /* SceneDelegate.m */; };
		5D08F79E23E661D6001D6F5F /* Main.storyboard in Resources */ = {isa = PBXBuildFile; fileRef = 5D08F79C23E661D6001D6F5F /* Main.storyboard */; };
		5D08F7A023E661D7001D6F5F /* Assets.xcassets in Resources */ = {isa = PBXBuildFile; fileRef = 5D08F79F23E661D7001D6F5F /* Assets.xcassets */; };
		5D08F7A323E661D7001D6F5F /* LaunchScreen.storyboard in Resources */ = {isa = PBXBuildFile; fileRef = 5D08F7A123E661D7001D6F5F /* LaunchScreen.storyboard */; };
		5D08F7A623E661D7001D6F5F /* main.m in Sources */ = {isa = PBXBuildFile; fileRef = 5D08F7A523E661D7001D6F5F /* main.m */; };
		5D08F7AE23E662C2001D6F5F /* PLNPlanetsCollectionViewController.m in Sources */ = {isa = PBXBuildFile; fileRef = 5D08F7AD23E662C2001D6F5F /* PLNPlanetsCollectionViewController.m */; };
		5D08F7B123E663EC001D6F5F /* PLNPlanetCollectionViewCell.m in Sources */ = {isa = PBXBuildFile; fileRef = 5D08F7B023E663EC001D6F5F /* PLNPlanetCollectionViewCell.m */; };
/* End PBXBuildFile section */

/* Begin PBXFileReference section */
		5D08F79023E661D6001D6F5F /* Planet Obj-C.app */ = {isa = PBXFileReference; explicitFileType = wrapper.application; includeInIndex = 0; path = "Planet Obj-C.app"; sourceTree = BUILT_PRODUCTS_DIR; };
		5D08F79323E661D6001D6F5F /* AppDelegate.h */ = {isa = PBXFileReference; lastKnownFileType = sourcecode.c.h; path = AppDelegate.h; sourceTree = "<group>"; };
		5D08F79423E661D6001D6F5F /* AppDelegate.m */ = {isa = PBXFileReference; lastKnownFileType = sourcecode.c.objc; path = AppDelegate.m; sourceTree = "<group>"; };
		5D08F79623E661D6001D6F5F /* SceneDelegate.h */ = {isa = PBXFileReference; lastKnownFileType = sourcecode.c.h; path = SceneDelegate.h; sourceTree = "<group>"; };
		5D08F79723E661D6001D6F5F /* SceneDelegate.m */ = {isa = PBXFileReference; lastKnownFileType = sourcecode.c.objc; path = SceneDelegate.m; sourceTree = "<group>"; };
		5D08F79D23E661D6001D6F5F /* Base */ = {isa = PBXFileReference; lastKnownFileType = file.storyboard; name = Base; path = Base.lproj/Main.storyboard; sourceTree = "<group>"; };
		5D08F79F23E661D7001D6F5F /* Assets.xcassets */ = {isa = PBXFileReference; lastKnownFileType = folder.assetcatalog; path = Assets.xcassets; sourceTree = "<group>"; };
		5D08F7A223E661D7001D6F5F /* Base */ = {isa = PBXFileReference; lastKnownFileType = file.storyboard; name = Base; path = Base.lproj/LaunchScreen.storyboard; sourceTree = "<group>"; };
		5D08F7A423E661D7001D6F5F /* Info.plist */ = {isa = PBXFileReference; lastKnownFileType = text.plist.xml; path = Info.plist; sourceTree = "<group>"; };
		5D08F7A523E661D7001D6F5F /* main.m */ = {isa = PBXFileReference; lastKnownFileType = sourcecode.c.objc; path = main.m; sourceTree = "<group>"; };
		5D08F7AC23E662C2001D6F5F /* PLNPlanetsCollectionViewController.h */ = {isa = PBXFileReference; lastKnownFileType = sourcecode.c.h; path = PLNPlanetsCollectionViewController.h; sourceTree = "<group>"; };
		5D08F7AD23E662C2001D6F5F /* PLNPlanetsCollectionViewController.m */ = {isa = PBXFileReference; lastKnownFileType = sourcecode.c.objc; path = PLNPlanetsCollectionViewController.m; sourceTree = "<group>"; };
		5D08F7AF23E663EC001D6F5F /* PLNPlanetCollectionViewCell.h */ = {isa = PBXFileReference; lastKnownFileType = sourcecode.c.h; path = PLNPlanetCollectionViewCell.h; sourceTree = "<group>"; };
		5D08F7B023E663EC001D6F5F /* PLNPlanetCollectionViewCell.m */ = {isa = PBXFileReference; lastKnownFileType = sourcecode.c.objc; path = PLNPlanetCollectionViewCell.m; sourceTree = "<group>"; };
/* End PBXFileReference section */

/* Begin PBXFrameworksBuildPhase section */
		5D08F78D23E661D6001D6F5F /* Frameworks */ = {
			isa = PBXFrameworksBuildPhase;
			buildActionMask = 2147483647;
			files = (
			);
			runOnlyForDeploymentPostprocessing = 0;
		};
/* End PBXFrameworksBuildPhase section */

/* Begin PBXGroup section */
		5D08F78723E661D6001D6F5F = {
			isa = PBXGroup;
			children = (
				5D08F79223E661D6001D6F5F /* Planet Obj-C */,
				5D08F79123E661D6001D6F5F /* Products */,
			);
			sourceTree = "<group>";
		};
		5D08F79123E661D6001D6F5F /* Products */ = {
			isa = PBXGroup;
			children = (
				5D08F79023E661D6001D6F5F /* Planet Obj-C.app */,
			);
			name = Products;
			sourceTree = "<group>";
		};
		5D08F79223E661D6001D6F5F /* Planet Obj-C */ = {
			isa = PBXGroup;
			children = (
				5D08F79323E661D6001D6F5F /* AppDelegate.h */,
				5D08F79423E661D6001D6F5F /* AppDelegate.m */,
				5D08F79623E661D6001D6F5F /* SceneDelegate.h */,
				5D08F79723E661D6001D6F5F /* SceneDelegate.m */,
				5D08F79C23E661D6001D6F5F /* Main.storyboard */,
				5D08F79F23E661D7001D6F5F /* Assets.xcassets */,
				5D08F7A123E661D7001D6F5F /* LaunchScreen.storyboard */,
				5D08F7A423E661D7001D6F5F /* Info.plist */,
				5D08F7A523E661D7001D6F5F /* main.m */,
				5D08F7AC23E662C2001D6F5F /* PLNPlanetsCollectionViewController.h */,
				5D08F7AD23E662C2001D6F5F /* PLNPlanetsCollectionViewController.m */,
				5D08F7AF23E663EC001D6F5F /* PLNPlanetCollectionViewCell.h */,
				5D08F7B023E663EC001D6F5F /* PLNPlanetCollectionViewCell.m */,
			);
			path = "Planet Obj-C";
			sourceTree = "<group>";
		};
/* End PBXGroup section */

/* Begin PBXNativeTarget section */
		5D08F78F23E661D6001D6F5F /* Planet Obj-C */ = {
			isa = PBXNativeTarget;
			buildConfigurationList = 5D08F7A923E661D7001D6F5F /* Build configuration list for PBXNativeTarget "Planet Obj-C" */;
			buildPhases = (
				5D08F78C23E661D6001D6F5F /* Sources */,
				5D08F78D23E661D6001D6F5F /* Frameworks */,
				5D08F78E23E661D6001D6F5F /* Resources */,
			);
			buildRules = (
			);
			dependencies = (
			);
			name = "Planet Obj-C";
			productName = "Planet Obj-C";
			productReference = 5D08F79023E661D6001D6F5F /* Planet Obj-C.app */;
			productType = "com.apple.product-type.application";
		};
/* End PBXNativeTarget section */

/* Begin PBXProject section */
		5D08F78823E661D6001D6F5F /* Project object */ = {
			isa = PBXProject;
			attributes = {
				LastUpgradeCheck = 1130;
				ORGANIZATIONNAME = Julltron;
				TargetAttributes = {
					5D08F78F23E661D6001D6F5F = {
						CreatedOnToolsVersion = 11.3.1;
					};
				};
			};
			buildConfigurationList = 5D08F78B23E661D6001D6F5F /* Build configuration list for PBXProject "Planet Obj-C" */;
			compatibilityVersion = "Xcode 9.3";
			developmentRegion = en;
			hasScannedForEncodings = 0;
			knownRegions = (
				en,
				Base,
			);
			mainGroup = 5D08F78723E661D6001D6F5F;
			productRefGroup = 5D08F79123E661D6001D6F5F /* Products */;
			projectDirPath = "";
			projectRoot = "";
			targets = (
				5D08F78F23E661D6001D6F5F /* Planet Obj-C */,
			);
		};
/* End PBXProject section */

/* Begin PBXResourcesBuildPhase section */
		5D08F78E23E661D6001D6F5F /* Resources */ = {
			isa = PBXResourcesBuildPhase;
			buildActionMask = 2147483647;
			files = (
				5D08F7A323E661D7001D6F5F /* LaunchScreen.storyboard in Resources */,
				5D08F7A023E661D7001D6F5F /* Assets.xcassets in Resources */,
				5D08F79E23E661D6001D6F5F /* Main.storyboard in Resources */,
			);
			runOnlyForDeploymentPostprocessing = 0;
		};
/* End PBXResourcesBuildPhase section */

/* Begin PBXSourcesBuildPhase section */
		5D08F78C23E661D6001D6F5F /* Sources */ = {
			isa = PBXSourcesBuildPhase;
			buildActionMask = 2147483647;
			files = (
				5D08F7B123E663EC001D6F5F /* PLNPlanetCollectionViewCell.m in Sources */,
				5D08F79523E661D6001D6F5F /* AppDelegate.m in Sources */,
				5D08F7A623E661D7001D6F5F /* main.m in Sources */,
				5D08F79823E661D6001D6F5F /* SceneDelegate.m in Sources */,
				5D08F7AE23E662C2001D6F5F /* PLNPlanetsCollectionViewController.m in Sources */,
			);
			runOnlyForDeploymentPostprocessing = 0;
		};
/* End PBXSourcesBuildPhase section */

/* Begin PBXVariantGroup section */
		5D08F79C23E661D6001D6F5F /* Main.storyboard */ = {
			isa = PBXVariantGroup;
			children = (
				5D08F79D23E661D6001D6F5F /* Base */,
			);
			name = Main.storyboard;
			sourceTree = "<group>";
		};
		5D08F7A123E661D7001D6F5F /* LaunchScreen.storyboard */ = {
			isa = PBXVariantGroup;
			children = (
				5D08F7A223E661D7001D6F5F /* Base */,
			);
			name = LaunchScreen.storyboard;
			sourceTree = "<group>";
		};
/* End PBXVariantGroup section */

/* Begin XCBuildConfiguration section */
		5D08F7A723E661D7001D6F5F /* Debug */ = {
			isa = XCBuildConfiguration;
			buildSettings = {
				ALWAYS_SEARCH_USER_PATHS = NO;
				CLANG_ANALYZER_NONNULL = YES;
				CLANG_ANALYZER_NUMBER_OBJECT_CONVERSION = YES_AGGRESSIVE;
				CLANG_CXX_LANGUAGE_STANDARD = "gnu++14";
				CLANG_CXX_LIBRARY = "libc++";
				CLANG_ENABLE_MODULES = YES;
				CLANG_ENABLE_OBJC_ARC = YES;
				CLANG_ENABLE_OBJC_WEAK = YES;
				CLANG_WARN_BLOCK_CAPTURE_AUTORELEASING = YES;
				CLANG_WARN_BOOL_CONVERSION = YES;
				CLANG_WARN_COMMA = YES;
				CLANG_WARN_CONSTANT_CONVERSION = YES;
				CLANG_WARN_DEPRECATED_OBJC_IMPLEMENTATIONS = YES;
				CLANG_WARN_DIRECT_OBJC_ISA_USAGE = YES_ERROR;
				CLANG_WARN_DOCUMENTATION_COMMENTS = YES;
				CLANG_WARN_EMPTY_BODY = YES;
				CLANG_WARN_ENUM_CONVERSION = YES;
				CLANG_WARN_INFINITE_RECURSION = YES;
				CLANG_WARN_INT_CONVERSION = YES;
				CLANG_WARN_NON_LITERAL_NULL_CONVERSION = YES;
				CLANG_WARN_OBJC_IMPLICIT_RETAIN_SELF = YES;
				CLANG_WARN_OBJC_LITERAL_CONVERSION = YES;
				CLANG_WARN_OBJC_ROOT_CLASS = YES_ERROR;
				CLANG_WARN_RANGE_LOOP_ANALYSIS = YES;
				CLANG_WARN_STRICT_PROTOTYPES = YES;
				CLANG_WARN_SUSPICIOUS_MOVE = YES;
				CLANG_WARN_UNGUARDED_AVAILABILITY = YES_AGGRESSIVE;
				CLANG_WARN_UNREACHABLE_CODE = YES;
				CLANG_WARN__DUPLICATE_METHOD_MATCH = YES;
				COPY_PHASE_STRIP = NO;
				DEBUG_INFORMATION_FORMAT = dwarf;
				ENABLE_STRICT_OBJC_MSGSEND = YES;
				ENABLE_TESTABILITY = YES;
				GCC_C_LANGUAGE_STANDARD = gnu11;
				GCC_DYNAMIC_NO_PIC = NO;
				GCC_NO_COMMON_BLOCKS = YES;
				GCC_OPTIMIZATION_LEVEL = 0;
				GCC_PREPROCESSOR_DEFINITIONS = (
					"DEBUG=1",
					"$(inherited)",
				);
				GCC_WARN_64_TO_32_BIT_CONVERSION = YES;
				GCC_WARN_ABOUT_RETURN_TYPE = YES_ERROR;
				GCC_WARN_UNDECLARED_SELECTOR = YES;
				GCC_WARN_UNINITIALIZED_AUTOS = YES_AGGRESSIVE;
				GCC_WARN_UNUSED_FUNCTION = YES;
				GCC_WARN_UNUSED_VARIABLE = YES;
				IPHONEOS_DEPLOYMENT_TARGET = 13.2;
				MTL_ENABLE_DEBUG_INFO = INCLUDE_SOURCE;
				MTL_FAST_MATH = YES;
				ONLY_ACTIVE_ARCH = YES;
				SDKROOT = iphoneos;
			};
			name = Debug;
		};
		5D08F7A823E661D7001D6F5F /* Release */ = {
			isa = XCBuildConfiguration;
			buildSettings = {
				ALWAYS_SEARCH_USER_PATHS = NO;
				CLANG_ANALYZER_NONNULL = YES;
				CLANG_ANALYZER_NUMBER_OBJECT_CONVERSION = YES_AGGRESSIVE;
				CLANG_CXX_LANGUAGE_STANDARD = "gnu++14";
				CLANG_CXX_LIBRARY = "libc++";
				CLANG_ENABLE_MODULES = YES;
				CLANG_ENABLE_OBJC_ARC = YES;
				CLANG_ENABLE_OBJC_WEAK = YES;
				CLANG_WARN_BLOCK_CAPTURE_AUTORELEASING = YES;
				CLANG_WARN_BOOL_CONVERSION = YES;
				CLANG_WARN_COMMA = YES;
				CLANG_WARN_CONSTANT_CONVERSION = YES;
				CLANG_WARN_DEPRECATED_OBJC_IMPLEMENTATIONS = YES;
				CLANG_WARN_DIRECT_OBJC_ISA_USAGE = YES_ERROR;
				CLANG_WARN_DOCUMENTATION_COMMENTS = YES;
				CLANG_WARN_EMPTY_BODY = YES;
				CLANG_WARN_ENUM_CONVERSION = YES;
				CLANG_WARN_INFINITE_RECURSION = YES;
				CLANG_WARN_INT_CONVERSION = YES;
				CLANG_WARN_NON_LITERAL_NULL_CONVERSION = YES;
				CLANG_WARN_OBJC_IMPLICIT_RETAIN_SELF = YES;
				CLANG_WARN_OBJC_LITERAL_CONVERSION = YES;
				CLANG_WARN_OBJC_ROOT_CLASS = YES_ERROR;
				CLANG_WARN_RANGE_LOOP_ANALYSIS = YES;
				CLANG_WARN_STRICT_PROTOTYPES = YES;
				CLANG_WARN_SUSPICIOUS_MOVE = YES;
				CLANG_WARN_UNGUARDED_AVAILABILITY = YES_AGGRESSIVE;
				CLANG_WARN_UNREACHABLE_CODE = YES;
				CLANG_WARN__DUPLICATE_METHOD_MATCH = YES;
				COPY_PHASE_STRIP = NO;
				DEBUG_INFORMATION_FORMAT = "dwarf-with-dsym";
				ENABLE_NS_ASSERTIONS = NO;
				ENABLE_STRICT_OBJC_MSGSEND = YES;
				GCC_C_LANGUAGE_STANDARD = gnu11;
				GCC_NO_COMMON_BLOCKS = YES;
				GCC_WARN_64_TO_32_BIT_CONVERSION = YES;
				GCC_WARN_ABOUT_RETURN_TYPE = YES_ERROR;
				GCC_WARN_UNDECLARED_SELECTOR = YES;
				GCC_WARN_UNINITIALIZED_AUTOS = YES_AGGRESSIVE;
				GCC_WARN_UNUSED_FUNCTION = YES;
				GCC_WARN_UNUSED_VARIABLE = YES;
				IPHONEOS_DEPLOYMENT_TARGET = 13.2;
				MTL_ENABLE_DEBUG_INFO = NO;
				MTL_FAST_MATH = YES;
				SDKROOT = iphoneos;
				VALIDATE_PRODUCT = YES;
			};
			name = Release;
		};
		5D08F7AA23E661D7001D6F5F /* Debug */ = {
			isa = XCBuildConfiguration;
			buildSettings = {
				ASSETCATALOG_COMPILER_APPICON_NAME = AppIcon;
				CODE_SIGN_STYLE = Automatic;
				DEVELOPMENT_TEAM = 3C2X999TFX;
				INFOPLIST_FILE = "Planet Obj-C/Info.plist";
				LD_RUNPATH_SEARCH_PATHS = (
					"$(inherited)",
					"@executable_path/Frameworks",
				);
				PRODUCT_BUNDLE_IDENTIFIER = "com.julltron.Planet-Obj-C";
				PRODUCT_NAME = "$(TARGET_NAME)";
				TARGETED_DEVICE_FAMILY = "1,2";
			};
			name = Debug;
		};
		5D08F7AB23E661D7001D6F5F /* Release */ = {
			isa = XCBuildConfiguration;
			buildSettings = {
				ASSETCATALOG_COMPILER_APPICON_NAME = AppIcon;
				CODE_SIGN_STYLE = Automatic;
				DEVELOPMENT_TEAM = 3C2X999TFX;
				INFOPLIST_FILE = "Planet Obj-C/Info.plist";
				LD_RUNPATH_SEARCH_PATHS = (
					"$(inherited)",
					"@executable_path/Frameworks",
				);
				PRODUCT_BUNDLE_IDENTIFIER = "com.julltron.Planet-Obj-C";
				PRODUCT_NAME = "$(TARGET_NAME)";
				TARGETED_DEVICE_FAMILY = "1,2";
			};
			name = Release;
		};
/* End XCBuildConfiguration section */

/* Begin XCConfigurationList section */
		5D08F78B23E661D6001D6F5F /* Build configuration list for PBXProject "Planet Obj-C" */ = {
			isa = XCConfigurationList;
			buildConfigurations = (
				5D08F7A723E661D7001D6F5F /* Debug */,
				5D08F7A823E661D7001D6F5F /* Release */,
			);
			defaultConfigurationIsVisible = 0;
			defaultConfigurationName = Release;
		};
		5D08F7A923E661D7001D6F5F /* Build configuration list for PBXNativeTarget "Planet Obj-C" */ = {
			isa = XCConfigurationList;
			buildConfigurations = (
				5D08F7AA23E661D7001D6F5F /* Debug */,
				5D08F7AB23E661D7001D6F5F /* Release */,
			);
			defaultConfigurationIsVisible = 0;
			defaultConfigurationName = Release;
		};
/* End XCConfigurationList section */
	};
	rootObject = 5D08F78823E661D6001D6F5F /* Project object */;
}
